
Microsoft Visual Studio Solution File, Format Version 12.00
# Visual Studio 15
VisualStudioVersion = 15.0.35213.121
MinimumVisualStudioVersion = 10.0.40219.1
Project("{FAE04EC0-301F-11D3-BF4B-00C04F79EFBC}") = "HayvanatBahcesiKalitim", "HayvanatBahcesiKalitim\HayvanatBahcesiKalitim.csproj", "{B08CCC49-D342-49D4-91F1-BC0DCB144336}"
EndProject
Global
	GlobalSection(SolutionConfigurationPlatforms) = preSolution
		Debug|Any CPU = Debug|Any CPU
		Release|Any CPU = Release|Any CPU
	EndGlobalSection
	GlobalSection(ProjectConfigurationPlatforms) = postSolution
		{B08CCC49-D342-49D4-91F1-BC0DCB144336}.Debug|Any CPU.ActiveCfg = Debug|Any CPU
		{B08CCC49-D342-49D4-91F1-BC0DCB144336}.Debug|Any CPU.Build.0 = Debug|Any CPU
		{B08CCC49-D342-49D4-91F1-BC0DCB144336}.Release|Any CPU.ActiveCfg = Release|Any CPU
		{B08CCC49-D342-49D4-91F1-BC0DCB144336}.Release|Any CPU.Build.0 = Release|Any CPU
	EndGlobalSection
	GlobalSection(SolutionProperties) = preSolution
		HideSolutionNode = FALSE
	EndGlobalSection
	GlobalSection(ExtensibilityGlobals) = postSolution
		SolutionGuid = {F706E07E-F2EC-466D-9DA9-CEF2EE35D67D}
	EndGlobalSection
EndGlobal
