
Microsoft Visual Studio Solution File, Format Version 12.00
# Visual Studio 15
VisualStudioVersion = 15.0.35213.121
MinimumVisualStudioVersion = 10.0.40219.1
Project("{FAE04EC0-301F-11D3-BF4B-00C04F79EFBC}") = "MagazaAbstract", "MagazaAbstract\MagazaAbstract.csproj", "{20DD7CFB-0FFB-4BD9-9455-77D14C08456D}"
EndProject
Global
	GlobalSection(SolutionConfigurationPlatforms) = preSolution
		Debug|Any CPU = Debug|Any CPU
		Release|Any CPU = Release|Any CPU
	EndGlobalSection
	GlobalSection(ProjectConfigurationPlatforms) = postSolution
		{20DD7CFB-0FFB-4BD9-9455-77D14C08456D}.Debug|Any CPU.ActiveCfg = Debug|Any CPU
		{20DD7CFB-0FFB-4BD9-9455-77D14C08456D}.Debug|Any CPU.Build.0 = Debug|Any CPU
		{20DD7CFB-0FFB-4BD9-9455-77D14C08456D}.Release|Any CPU.ActiveCfg = Release|Any CPU
		{20DD7CFB-0FFB-4BD9-9455-77D14C08456D}.Release|Any CPU.Build.0 = Release|Any CPU
	EndGlobalSection
	GlobalSection(SolutionProperties) = preSolution
		HideSolutionNode = FALSE
	EndGlobalSection
	GlobalSection(ExtensibilityGlobals) = postSolution
		SolutionGuid = {1F8379FC-CE62-43D6-80BC-2D14F9C73EBD}
	EndGlobalSection
EndGlobal
