
Microsoft Visual Studio Solution File, Format Version 12.00
# Visual Studio 15
VisualStudioVersion = 15.0.35213.121
MinimumVisualStudioVersion = 10.0.40219.1
Project("{FAE04EC0-301F-11D3-BF4B-00C04F79EFBC}") = "YayinciAboneAbstract", "YayinciAboneAbstract\YayinciAboneAbstract.csproj", "{3B5D3B88-7D0D-4E59-B057-949D3843FD4D}"
EndProject
Global
	GlobalSection(SolutionConfigurationPlatforms) = preSolution
		Debug|Any CPU = Debug|Any CPU
		Release|Any CPU = Release|Any CPU
	EndGlobalSection
	GlobalSection(ProjectConfigurationPlatforms) = postSolution
		{3B5D3B88-7D0D-4E59-B057-949D3843FD4D}.Debug|Any CPU.ActiveCfg = Debug|Any CPU
		{3B5D3B88-7D0D-4E59-B057-949D3843FD4D}.Debug|Any CPU.Build.0 = Debug|Any CPU
		{3B5D3B88-7D0D-4E59-B057-949D3843FD4D}.Release|Any CPU.ActiveCfg = Release|Any CPU
		{3B5D3B88-7D0D-4E59-B057-949D3843FD4D}.Release|Any CPU.Build.0 = Release|Any CPU
	EndGlobalSection
	GlobalSection(SolutionProperties) = preSolution
		HideSolutionNode = FALSE
	EndGlobalSection
	GlobalSection(ExtensibilityGlobals) = postSolution
		SolutionGuid = {B0366E44-A2E5-4EB9-960D-9DF874ADEDAC}
	EndGlobalSection
EndGlobal
